
Microsoft Visual Studio Solution File, Format Version 12.00
# Visual Studio Version 17
VisualStudioVersion = 17.5.002.0
MinimumVisualStudioVersion = 10.0.40219.1
Project("{9A19103F-16F7-4668-BE54-9A1E7A4F7556}") = "tl2-tp1-2024-guillecarrascosuarez", "tl2-tp1-2024-guillecarrascosuarez.csproj", "{1D7E8AF6-080A-40E3-A763-7B5E20D613D2}"
EndProject
Global
	GlobalSection(SolutionConfigurationPlatforms) = preSolution
		Debug|Any CPU = Debug|Any CPU
		Release|Any CPU = Release|Any CPU
	EndGlobalSection
	GlobalSection(ProjectConfigurationPlatforms) = postSolution
		{1D7E8AF6-080A-40E3-A763-7B5E20D613D2}.Debug|Any CPU.ActiveCfg = Debug|Any CPU
		{1D7E8AF6-080A-40E3-A763-7B5E20D613D2}.Debug|Any CPU.Build.0 = Debug|Any CPU
		{1D7E8AF6-080A-40E3-A763-7B5E20D613D2}.Release|Any CPU.ActiveCfg = Release|Any CPU
		{1D7E8AF6-080A-40E3-A763-7B5E20D613D2}.Release|Any CPU.Build.0 = Release|Any CPU
	EndGlobalSection
	GlobalSection(SolutionProperties) = preSolution
		HideSolutionNode = FALSE
	EndGlobalSection
	GlobalSection(ExtensibilityGlobals) = postSolution
		SolutionGuid = {27B7122D-AF09-490F-8814-B83DCA7714F8}
	EndGlobalSection
EndGlobal
